// !$*UTF8*$!
{
	archiveVersion = 1;
	classes = {
	};
	objectVersion = 46;
	objects = {

/* Begin PBXBuildFile section */
		298995BE61397C41842E91A657C07349 /* Pods-Storm-dummy.m in Sources */ = {isa = PBXBuildFile; fileRef = BBDC9966E02A3CBAB51CE934761E8687 /* Pods-Storm-dummy.m */; };
		42C3074286386BDB84DDF7B3C7A8D708 /* Foundation.framework in Frameworks */ = {isa = PBXBuildFile; fileRef = CEC22C73C1608DFA5D5D78BDCB218219 /* Foundation.framework */; };
		49FE4D3D94C4F8A60984CA6525855B89 /* Foundation.framework in Frameworks */ = {isa = PBXBuildFile; fileRef = CEC22C73C1608DFA5D5D78BDCB218219 /* Foundation.framework */; };
		A9D879C46CCFF7A108317F16B36AF529 /* Pods-StormUITests-dummy.m in Sources */ = {isa = PBXBuildFile; fileRef = 184BA08F53723433AB3B5BCDEB99C0FC /* Pods-StormUITests-dummy.m */; };
		E65E5CB80F436F4A06E8CE9534D50E97 /* Pods-StormTests-dummy.m in Sources */ = {isa = PBXBuildFile; fileRef = 3AE00FB7165933AA6673F8ED7680A7EA /* Pods-StormTests-dummy.m */; };
		F70E3092BAC6BD84FA149F5A54CB6B93 /* Foundation.framework in Frameworks */ = {isa = PBXBuildFile; fileRef = CEC22C73C1608DFA5D5D78BDCB218219 /* Foundation.framework */; };
/* End PBXBuildFile section */

/* Begin PBXFileReference section */
		0C326D1E306E36934C5529A85AC0B9BD /* Pods-StormTests-frameworks.sh */ = {isa = PBXFileReference; includeInIndex = 1; lastKnownFileType = text.script.sh; path = "Pods-StormTests-frameworks.sh"; sourceTree = "<group>"; };
		14644EBBB60AE548E42DB6D05D633F95 /* libPods-StormTests.a */ = {isa = PBXFileReference; explicitFileType = archive.ar; includeInIndex = 0; path = "libPods-StormTests.a"; sourceTree = BUILT_PRODUCTS_DIR; };
		184BA08F53723433AB3B5BCDEB99C0FC /* Pods-StormUITests-dummy.m */ = {isa = PBXFileReference; includeInIndex = 1; lastKnownFileType = sourcecode.c.objc; path = "Pods-StormUITests-dummy.m"; sourceTree = "<group>"; };
		366AEAFA6856296AE9918BB3E0F3518E /* Pods-StormUITests.debug.xcconfig */ = {isa = PBXFileReference; includeInIndex = 1; lastKnownFileType = text.xcconfig; path = "Pods-StormUITests.debug.xcconfig"; sourceTree = "<group>"; };
		3AE00FB7165933AA6673F8ED7680A7EA /* Pods-StormTests-dummy.m */ = {isa = PBXFileReference; includeInIndex = 1; lastKnownFileType = sourcecode.c.objc; path = "Pods-StormTests-dummy.m"; sourceTree = "<group>"; };
		3D2C03A1B3482BAAA42198BFACA49336 /* Pods-StormUITests.release.xcconfig */ = {isa = PBXFileReference; includeInIndex = 1; lastKnownFileType = text.xcconfig; path = "Pods-StormUITests.release.xcconfig"; sourceTree = "<group>"; };
		5431A30BE517371951D094844ABA4EC2 /* Pods-StormUITests-acknowledgements.markdown */ = {isa = PBXFileReference; includeInIndex = 1; lastKnownFileType = text; path = "Pods-StormUITests-acknowledgements.markdown"; sourceTree = "<group>"; };
		5A15DA145F8C0CF962AFBC892C7BE29D /* Pods-Storm-acknowledgements.markdown */ = {isa = PBXFileReference; includeInIndex = 1; lastKnownFileType = text; path = "Pods-Storm-acknowledgements.markdown"; sourceTree = "<group>"; };
		66298C0DD515E4F9444EEE12F6066941 /* libPods-Storm.a */ = {isa = PBXFileReference; explicitFileType = archive.ar; includeInIndex = 0; path = "libPods-Storm.a"; sourceTree = BUILT_PRODUCTS_DIR; };
		748A1CEBC74A0AB7E1CECF958E6478C4 /* Pods-StormTests-acknowledgements.plist */ = {isa = PBXFileReference; includeInIndex = 1; lastKnownFileType = text.plist.xml; path = "Pods-StormTests-acknowledgements.plist"; sourceTree = "<group>"; };
		7A540CA7603B3689E5DAB30D6675E8CC /* Pods-Storm-frameworks.sh */ = {isa = PBXFileReference; includeInIndex = 1; lastKnownFileType = text.script.sh; path = "Pods-Storm-frameworks.sh"; sourceTree = "<group>"; };
		8F918B7B3DE90D3EA19790484154386A /* Pods-Storm-resources.sh */ = {isa = PBXFileReference; includeInIndex = 1; lastKnownFileType = text.script.sh; path = "Pods-Storm-resources.sh"; sourceTree = "<group>"; };
		910CA952A5DA9EDAB46D9A9CE6D15DD5 /* Pods-StormUITests-resources.sh */ = {isa = PBXFileReference; includeInIndex = 1; lastKnownFileType = text.script.sh; path = "Pods-StormUITests-resources.sh"; sourceTree = "<group>"; };
		93A4A3777CF96A4AAC1D13BA6DCCEA73 /* Podfile */ = {isa = PBXFileReference; explicitFileType = text.script.ruby; includeInIndex = 1; name = Podfile; path = ../Podfile; sourceTree = SOURCE_ROOT; xcLanguageSpecificationIdentifier = xcode.lang.ruby; };
		9B3B4189780C0FFC5D4F9B5871161321 /* Pods-StormTests.debug.xcconfig */ = {isa = PBXFileReference; includeInIndex = 1; lastKnownFileType = text.xcconfig; path = "Pods-StormTests.debug.xcconfig"; sourceTree = "<group>"; };
		9BA2B433621F154B464BABC36B66074E /* Pods-Storm.debug.xcconfig */ = {isa = PBXFileReference; includeInIndex = 1; lastKnownFileType = text.xcconfig; path = "Pods-Storm.debug.xcconfig"; sourceTree = "<group>"; };
		A8A5563FB24A19416F7449360EDA0C47 /* Pods-StormTests-resources.sh */ = {isa = PBXFileReference; includeInIndex = 1; lastKnownFileType = text.script.sh; path = "Pods-StormTests-resources.sh"; sourceTree = "<group>"; };
		BBDC9966E02A3CBAB51CE934761E8687 /* Pods-Storm-dummy.m */ = {isa = PBXFileReference; includeInIndex = 1; lastKnownFileType = sourcecode.c.objc; path = "Pods-Storm-dummy.m"; sourceTree = "<group>"; };
		BEFEF2A28F2F31D892E19966508D9502 /* Pods-StormUITests-frameworks.sh */ = {isa = PBXFileReference; includeInIndex = 1; lastKnownFileType = text.script.sh; path = "Pods-StormUITests-frameworks.sh"; sourceTree = "<group>"; };
		C632A85B49D1DF1655EE6EC8F9DD0326 /* Pods-Storm-acknowledgements.plist */ = {isa = PBXFileReference; includeInIndex = 1; lastKnownFileType = text.plist.xml; path = "Pods-Storm-acknowledgements.plist"; sourceTree = "<group>"; };
		CEC22C73C1608DFA5D5D78BDCB218219 /* Foundation.framework */ = {isa = PBXFileReference; lastKnownFileType = wrapper.framework; name = Foundation.framework; path = Platforms/iPhoneOS.platform/Developer/SDKs/iPhoneOS9.3.sdk/System/Library/Frameworks/Foundation.framework; sourceTree = DEVELOPER_DIR; };
		DA98B3E5FAABFF15E4477FFE79118FA2 /* Pods-StormUITests-acknowledgements.plist */ = {isa = PBXFileReference; includeInIndex = 1; lastKnownFileType = text.plist.xml; path = "Pods-StormUITests-acknowledgements.plist"; sourceTree = "<group>"; };
		E218861F5C19A4726F2F1C7456E20272 /* Pods-StormTests.release.xcconfig */ = {isa = PBXFileReference; includeInIndex = 1; lastKnownFileType = text.xcconfig; path = "Pods-StormTests.release.xcconfig"; sourceTree = "<group>"; };
		E3ED3316C749768D67BC9ED864462274 /* Pods-Storm.release.xcconfig */ = {isa = PBXFileReference; includeInIndex = 1; lastKnownFileType = text.xcconfig; path = "Pods-Storm.release.xcconfig"; sourceTree = "<group>"; };
		E876973453F4AB20762DE87A28ADFE9D /* libPods-StormUITests.a */ = {isa = PBXFileReference; explicitFileType = archive.ar; includeInIndex = 0; path = "libPods-StormUITests.a"; sourceTree = BUILT_PRODUCTS_DIR; };
		F40255819FC9F1C5BC71E80ADA9082B1 /* Pods-StormTests-acknowledgements.markdown */ = {isa = PBXFileReference; includeInIndex = 1; lastKnownFileType = text; path = "Pods-StormTests-acknowledgements.markdown"; sourceTree = "<group>"; };
/* End PBXFileReference section */

/* Begin PBXFrameworksBuildPhase section */
		A9C40D49A36DD23F71AF47AA62D57CCB /* Frameworks */ = {
			isa = PBXFrameworksBuildPhase;
			buildActionMask = 2147483647;
			files = (
				F70E3092BAC6BD84FA149F5A54CB6B93 /* Foundation.framework in Frameworks */,
			);
			runOnlyForDeploymentPostprocessing = 0;
		};
		DFE8AB50EF0D901032D7AB7BA8C73011 /* Frameworks */ = {
			isa = PBXFrameworksBuildPhase;
			buildActionMask = 2147483647;
			files = (
				42C3074286386BDB84DDF7B3C7A8D708 /* Foundation.framework in Frameworks */,
			);
			runOnlyForDeploymentPostprocessing = 0;
		};
		FA1F28A13F9F25029A806EDB35AE68FC /* Frameworks */ = {
			isa = PBXFrameworksBuildPhase;
			buildActionMask = 2147483647;
			files = (
				49FE4D3D94C4F8A60984CA6525855B89 /* Foundation.framework in Frameworks */,
			);
			runOnlyForDeploymentPostprocessing = 0;
		};
/* End PBXFrameworksBuildPhase section */

/* Begin PBXGroup section */
		3DCAB2B7CDE207B3958B6CB957FCC758 /* iOS */ = {
			isa = PBXGroup;
			children = (
				CEC22C73C1608DFA5D5D78BDCB218219 /* Foundation.framework */,
			);
			name = iOS;
			sourceTree = "<group>";
		};
		60983A26E692C90F950E746102650930 /* Pods-StormUITests */ = {
			isa = PBXGroup;
			children = (
				5431A30BE517371951D094844ABA4EC2 /* Pods-StormUITests-acknowledgements.markdown */,
				DA98B3E5FAABFF15E4477FFE79118FA2 /* Pods-StormUITests-acknowledgements.plist */,
				184BA08F53723433AB3B5BCDEB99C0FC /* Pods-StormUITests-dummy.m */,
				BEFEF2A28F2F31D892E19966508D9502 /* Pods-StormUITests-frameworks.sh */,
				910CA952A5DA9EDAB46D9A9CE6D15DD5 /* Pods-StormUITests-resources.sh */,
				366AEAFA6856296AE9918BB3E0F3518E /* Pods-StormUITests.debug.xcconfig */,
				3D2C03A1B3482BAAA42198BFACA49336 /* Pods-StormUITests.release.xcconfig */,
			);
			name = "Pods-StormUITests";
			path = "Target Support Files/Pods-StormUITests";
			sourceTree = "<group>";
		};
		6AA78D4B17DDC7E98584754E07F13B57 /* Targets Support Files */ = {
			isa = PBXGroup;
			children = (
				7BE9AED45B8E4F10479EEA063567EB39 /* Pods-Storm */,
				C65BB5516221435F1A6D18E0A785189A /* Pods-StormTests */,
				60983A26E692C90F950E746102650930 /* Pods-StormUITests */,
			);
			name = "Targets Support Files";
			sourceTree = "<group>";
		};
		6BE9673247C01EBB1776A4F714D2ACC1 /* Products */ = {
			isa = PBXGroup;
			children = (
				66298C0DD515E4F9444EEE12F6066941 /* libPods-Storm.a */,
				14644EBBB60AE548E42DB6D05D633F95 /* libPods-StormTests.a */,
				E876973453F4AB20762DE87A28ADFE9D /* libPods-StormUITests.a */,
			);
			name = Products;
			sourceTree = "<group>";
		};
		7BE9AED45B8E4F10479EEA063567EB39 /* Pods-Storm */ = {
			isa = PBXGroup;
			children = (
				5A15DA145F8C0CF962AFBC892C7BE29D /* Pods-Storm-acknowledgements.markdown */,
				C632A85B49D1DF1655EE6EC8F9DD0326 /* Pods-Storm-acknowledgements.plist */,
				BBDC9966E02A3CBAB51CE934761E8687 /* Pods-Storm-dummy.m */,
				7A540CA7603B3689E5DAB30D6675E8CC /* Pods-Storm-frameworks.sh */,
				8F918B7B3DE90D3EA19790484154386A /* Pods-Storm-resources.sh */,
				9BA2B433621F154B464BABC36B66074E /* Pods-Storm.debug.xcconfig */,
				E3ED3316C749768D67BC9ED864462274 /* Pods-Storm.release.xcconfig */,
			);
			name = "Pods-Storm";
			path = "Target Support Files/Pods-Storm";
			sourceTree = "<group>";
		};
		7DB346D0F39D3F0E887471402A8071AB = {
			isa = PBXGroup;
			children = (
				93A4A3777CF96A4AAC1D13BA6DCCEA73 /* Podfile */,
				BC3CA7F9E30CC8F7E2DD044DD34432FC /* Frameworks */,
				6BE9673247C01EBB1776A4F714D2ACC1 /* Products */,
				6AA78D4B17DDC7E98584754E07F13B57 /* Targets Support Files */,
			);
			sourceTree = "<group>";
		};
		BC3CA7F9E30CC8F7E2DD044DD34432FC /* Frameworks */ = {
			isa = PBXGroup;
			children = (
				3DCAB2B7CDE207B3958B6CB957FCC758 /* iOS */,
			);
			name = Frameworks;
			sourceTree = "<group>";
		};
		C65BB5516221435F1A6D18E0A785189A /* Pods-StormTests */ = {
			isa = PBXGroup;
			children = (
				F40255819FC9F1C5BC71E80ADA9082B1 /* Pods-StormTests-acknowledgements.markdown */,
				748A1CEBC74A0AB7E1CECF958E6478C4 /* Pods-StormTests-acknowledgements.plist */,
				3AE00FB7165933AA6673F8ED7680A7EA /* Pods-StormTests-dummy.m */,
				0C326D1E306E36934C5529A85AC0B9BD /* Pods-StormTests-frameworks.sh */,
				A8A5563FB24A19416F7449360EDA0C47 /* Pods-StormTests-resources.sh */,
				9B3B4189780C0FFC5D4F9B5871161321 /* Pods-StormTests.debug.xcconfig */,
				E218861F5C19A4726F2F1C7456E20272 /* Pods-StormTests.release.xcconfig */,
			);
			name = "Pods-StormTests";
			path = "Target Support Files/Pods-StormTests";
			sourceTree = "<group>";
		};
/* End PBXGroup section */

/* Begin PBXNativeTarget section */
		577D01B5700C2BCFFB437B96232B45B3 /* Pods-Storm */ = {
			isa = PBXNativeTarget;
			buildConfigurationList = CC4B3A135B8175383130B6BC99B15374 /* Build configuration list for PBXNativeTarget "Pods-Storm" */;
			buildPhases = (
				5A6796E6278168895CD73DB08092FC66 /* Sources */,
				DFE8AB50EF0D901032D7AB7BA8C73011 /* Frameworks */,
			);
			buildRules = (
			);
			dependencies = (
			);
			name = "Pods-Storm";
			productName = "Pods-Storm";
			productReference = 66298C0DD515E4F9444EEE12F6066941 /* libPods-Storm.a */;
			productType = "com.apple.product-type.library.static";
		};
		AF85632A7346621D484733223F34FAE0 /* Pods-StormTests */ = {
			isa = PBXNativeTarget;
			buildConfigurationList = 5DC199ACB968053B0D7696EB44CE5F2B /* Build configuration list for PBXNativeTarget "Pods-StormTests" */;
			buildPhases = (
				15E90496674BB15DA7CF075E305D9D37 /* Sources */,
				A9C40D49A36DD23F71AF47AA62D57CCB /* Frameworks */,
			);
			buildRules = (
			);
			dependencies = (
			);
			name = "Pods-StormTests";
			productName = "Pods-StormTests";
			productReference = 14644EBBB60AE548E42DB6D05D633F95 /* libPods-StormTests.a */;
			productType = "com.apple.product-type.library.static";
		};
		F3A9DFE7C8AFF3E8E380005695A40573 /* Pods-StormUITests */ = {
			isa = PBXNativeTarget;
			buildConfigurationList = A585DDA76DC0A7CDDD30D70118CBC791 /* Build configuration list for PBXNativeTarget "Pods-StormUITests" */;
			buildPhases = (
				C5209A18276EEE9799D9D0C643E190DA /* Sources */,
				FA1F28A13F9F25029A806EDB35AE68FC /* Frameworks */,
			);
			buildRules = (
			);
			dependencies = (
			);
			name = "Pods-StormUITests";
			productName = "Pods-StormUITests";
			productReference = E876973453F4AB20762DE87A28ADFE9D /* libPods-StormUITests.a */;
			productType = "com.apple.product-type.library.static";
		};
/* End PBXNativeTarget section */

/* Begin PBXProject section */
		D41D8CD98F00B204E9800998ECF8427E /* Project object */ = {
			isa = PBXProject;
			attributes = {
				LastSwiftUpdateCheck = 0730;
				LastUpgradeCheck = 0700;
			};
			buildConfigurationList = 2D8E8EC45A3A1A1D94AE762CB5028504 /* Build configuration list for PBXProject "Pods" */;
			compatibilityVersion = "Xcode 3.2";
			developmentRegion = English;
			hasScannedForEncodings = 0;
			knownRegions = (
				en,
			);
			mainGroup = 7DB346D0F39D3F0E887471402A8071AB;
			productRefGroup = 6BE9673247C01EBB1776A4F714D2ACC1 /* Products */;
			projectDirPath = "";
			projectRoot = "";
			targets = (
				577D01B5700C2BCFFB437B96232B45B3 /* Pods-Storm */,
				AF85632A7346621D484733223F34FAE0 /* Pods-StormTests */,
				F3A9DFE7C8AFF3E8E380005695A40573 /* Pods-StormUITests */,
			);
		};
/* End PBXProject section */

/* Begin PBXSourcesBuildPhase section */
		15E90496674BB15DA7CF075E305D9D37 /* Sources */ = {
			isa = PBXSourcesBuildPhase;
			buildActionMask = 2147483647;
			files = (
				E65E5CB80F436F4A06E8CE9534D50E97 /* Pods-StormTests-dummy.m in Sources */,
			);
			runOnlyForDeploymentPostprocessing = 0;
		};
		5A6796E6278168895CD73DB08092FC66 /* Sources */ = {
			isa = PBXSourcesBuildPhase;
			buildActionMask = 2147483647;
			files = (
				298995BE61397C41842E91A657C07349 /* Pods-Storm-dummy.m in Sources */,
			);
			runOnlyForDeploymentPostprocessing = 0;
		};
		C5209A18276EEE9799D9D0C643E190DA /* Sources */ = {
			isa = PBXSourcesBuildPhase;
			buildActionMask = 2147483647;
			files = (
				A9D879C46CCFF7A108317F16B36AF529 /* Pods-StormUITests-dummy.m in Sources */,
			);
			runOnlyForDeploymentPostprocessing = 0;
		};
/* End PBXSourcesBuildPhase section */

/* Begin XCBuildConfiguration section */
		12914D756594D15C6F2CA12FE5F89F1B /* Debug */ = {
			isa = XCBuildConfiguration;
			buildSettings = {
				ALWAYS_SEARCH_USER_PATHS = NO;
				CLANG_ANALYZER_NONNULL = YES;
				CLANG_CXX_LANGUAGE_STANDARD = "gnu++0x";
				CLANG_CXX_LIBRARY = "libc++";
				CLANG_ENABLE_MODULES = YES;
				CLANG_ENABLE_OBJC_ARC = YES;
				CLANG_WARN_BOOL_CONVERSION = YES;
				CLANG_WARN_CONSTANT_CONVERSION = YES;
				CLANG_WARN_DIRECT_OBJC_ISA_USAGE = YES;
				CLANG_WARN_EMPTY_BODY = YES;
				CLANG_WARN_ENUM_CONVERSION = YES;
				CLANG_WARN_INT_CONVERSION = YES;
				CLANG_WARN_OBJC_ROOT_CLASS = YES;
				CLANG_WARN_UNREACHABLE_CODE = YES;
				CLANG_WARN__DUPLICATE_METHOD_MATCH = YES;
				CODE_SIGNING_REQUIRED = NO;
				COPY_PHASE_STRIP = NO;
				ENABLE_TESTABILITY = YES;
				GCC_C_LANGUAGE_STANDARD = gnu99;
				GCC_DYNAMIC_NO_PIC = NO;
				GCC_OPTIMIZATION_LEVEL = 0;
				GCC_PREPROCESSOR_DEFINITIONS = (
					"POD_CONFIGURATION_DEBUG=1",
					"DEBUG=1",
					"$(inherited)",
				);
				GCC_SYMBOLS_PRIVATE_EXTERN = NO;
				GCC_WARN_64_TO_32_BIT_CONVERSION = YES;
				GCC_WARN_ABOUT_RETURN_TYPE = YES;
				GCC_WARN_UNDECLARED_SELECTOR = YES;
				GCC_WARN_UNINITIALIZED_AUTOS = YES;
				GCC_WARN_UNUSED_FUNCTION = YES;
				GCC_WARN_UNUSED_VARIABLE = YES;
				IPHONEOS_DEPLOYMENT_TARGET = 10.0;
				ONLY_ACTIVE_ARCH = YES;
				PROVISIONING_PROFILE_SPECIFIER = NO_SIGNING/;
				STRIP_INSTALLED_PRODUCT = NO;
				SYMROOT = "${SRCROOT}/../build";
			};
			name = Debug;
		};
		76C05DA749C80FE77C6F958B1C22E926 /* Release */ = {
			isa = XCBuildConfiguration;
			baseConfigurationReference = 3D2C03A1B3482BAAA42198BFACA49336 /* Pods-StormUITests.release.xcconfig */;
			buildSettings = {
				"CODE_SIGN_IDENTITY[sdk=appletvos*]" = "";
				"CODE_SIGN_IDENTITY[sdk=iphoneos*]" = "";
				"CODE_SIGN_IDENTITY[sdk=watchos*]" = "";
				DEBUG_INFORMATION_FORMAT = "dwarf-with-dsym";
				ENABLE_STRICT_OBJC_MSGSEND = YES;
				GCC_NO_COMMON_BLOCKS = YES;
				IPHONEOS_DEPLOYMENT_TARGET = 10.0;
				MACH_O_TYPE = staticlib;
				MTL_ENABLE_DEBUG_INFO = NO;
				OTHER_LDFLAGS = "";
				OTHER_LIBTOOLFLAGS = "";
				PODS_ROOT = "$(SRCROOT)";
				PRODUCT_BUNDLE_IDENTIFIER = "org.cocoapods.${PRODUCT_NAME:rfc1034identifier}";
				PRODUCT_NAME = "$(TARGET_NAME)";
				SDKROOT = iphoneos;
				SKIP_INSTALL = YES;
			};
			name = Release;
		};
		8EB8EA410A53BA33DAF37F7425EE7F02 /* Debug */ = {
			isa = XCBuildConfiguration;
			baseConfigurationReference = 366AEAFA6856296AE9918BB3E0F3518E /* Pods-StormUITests.debug.xcconfig */;
			buildSettings = {
				"CODE_SIGN_IDENTITY[sdk=appletvos*]" = "";
				"CODE_SIGN_IDENTITY[sdk=iphoneos*]" = "";
				"CODE_SIGN_IDENTITY[sdk=watchos*]" = "";
				DEBUG_INFORMATION_FORMAT = dwarf;
				ENABLE_STRICT_OBJC_MSGSEND = YES;
				GCC_NO_COMMON_BLOCKS = YES;
				IPHONEOS_DEPLOYMENT_TARGET = 10.0;
				MACH_O_TYPE = staticlib;
				MTL_ENABLE_DEBUG_INFO = YES;
				OTHER_LDFLAGS = "";
				OTHER_LIBTOOLFLAGS = "";
				PODS_ROOT = "$(SRCROOT)";
				PRODUCT_BUNDLE_IDENTIFIER = "org.cocoapods.${PRODUCT_NAME:rfc1034identifier}";
				PRODUCT_NAME = "$(TARGET_NAME)";
				SDKROOT = iphoneos;
				SKIP_INSTALL = YES;
			};
			name = Debug;
		};
		935DFFCC9390C39CAA26118F19CD1C86 /* Release */ = {
			isa = XCBuildConfiguration;
			baseConfigurationReference = E218861F5C19A4726F2F1C7456E20272 /* Pods-StormTests.release.xcconfig */;
			buildSettings = {
				"CODE_SIGN_IDENTITY[sdk=appletvos*]" = "";
				"CODE_SIGN_IDENTITY[sdk=iphoneos*]" = "";
				"CODE_SIGN_IDENTITY[sdk=watchos*]" = "";
				DEBUG_INFORMATION_FORMAT = "dwarf-with-dsym";
				ENABLE_STRICT_OBJC_MSGSEND = YES;
				GCC_NO_COMMON_BLOCKS = YES;
				IPHONEOS_DEPLOYMENT_TARGET = 10.0;
				MACH_O_TYPE = staticlib;
				MTL_ENABLE_DEBUG_INFO = NO;
				OTHER_LDFLAGS = "";
				OTHER_LIBTOOLFLAGS = "";
				PODS_ROOT = "$(SRCROOT)";
				PRODUCT_BUNDLE_IDENTIFIER = "org.cocoapods.${PRODUCT_NAME:rfc1034identifier}";
				PRODUCT_NAME = "$(TARGET_NAME)";
				SDKROOT = iphoneos;
				SKIP_INSTALL = YES;
			};
			name = Release;
		};
		AEC5FFD3E05A80CA658F2D2159949215 /* Debug */ = {
			isa = XCBuildConfiguration;
			baseConfigurationReference = 9B3B4189780C0FFC5D4F9B5871161321 /* Pods-StormTests.debug.xcconfig */;
			buildSettings = {
				"CODE_SIGN_IDENTITY[sdk=appletvos*]" = "";
				"CODE_SIGN_IDENTITY[sdk=iphoneos*]" = "";
				"CODE_SIGN_IDENTITY[sdk=watchos*]" = "";
				DEBUG_INFORMATION_FORMAT = dwarf;
				ENABLE_STRICT_OBJC_MSGSEND = YES;
				GCC_NO_COMMON_BLOCKS = YES;
				IPHONEOS_DEPLOYMENT_TARGET = 10.0;
				MACH_O_TYPE = staticlib;
				MTL_ENABLE_DEBUG_INFO = YES;
				OTHER_LDFLAGS = "";
				OTHER_LIBTOOLFLAGS = "";
				PODS_ROOT = "$(SRCROOT)";
				PRODUCT_BUNDLE_IDENTIFIER = "org.cocoapods.${PRODUCT_NAME:rfc1034identifier}";
				PRODUCT_NAME = "$(TARGET_NAME)";
				SDKROOT = iphoneos;
				SKIP_INSTALL = YES;
			};
			name = Debug;
		};
		DD19271FBACF1BE8066D2509C35FA4D7 /* Release */ = {
			isa = XCBuildConfiguration;
			baseConfigurationReference = E3ED3316C749768D67BC9ED864462274 /* Pods-Storm.release.xcconfig */;
			buildSettings = {
				"CODE_SIGN_IDENTITY[sdk=appletvos*]" = "";
				"CODE_SIGN_IDENTITY[sdk=iphoneos*]" = "";
				"CODE_SIGN_IDENTITY[sdk=watchos*]" = "";
				DEBUG_INFORMATION_FORMAT = "dwarf-with-dsym";
				ENABLE_STRICT_OBJC_MSGSEND = YES;
				GCC_NO_COMMON_BLOCKS = YES;
				IPHONEOS_DEPLOYMENT_TARGET = 10.0;
				MACH_O_TYPE = staticlib;
				MTL_ENABLE_DEBUG_INFO = NO;
				OTHER_LDFLAGS = "";
				OTHER_LIBTOOLFLAGS = "";
				PODS_ROOT = "$(SRCROOT)";
				PRODUCT_BUNDLE_IDENTIFIER = "org.cocoapods.${PRODUCT_NAME:rfc1034identifier}";
				PRODUCT_NAME = "$(TARGET_NAME)";
				SDKROOT = iphoneos;
				SKIP_INSTALL = YES;
			};
			name = Release;
		};
		E72E7977875C2D251FC62736BBDDC389 /* Release */ = {
			isa = XCBuildConfiguration;
			buildSettings = {
				ALWAYS_SEARCH_USER_PATHS = NO;
				CLANG_ANALYZER_NONNULL = YES;
				CLANG_CXX_LANGUAGE_STANDARD = "gnu++0x";
				CLANG_CXX_LIBRARY = "libc++";
				CLANG_ENABLE_MODULES = YES;
				CLANG_ENABLE_OBJC_ARC = YES;
				CLANG_WARN_BOOL_CONVERSION = YES;
				CLANG_WARN_CONSTANT_CONVERSION = YES;
				CLANG_WARN_DIRECT_OBJC_ISA_USAGE = YES;
				CLANG_WARN_EMPTY_BODY = YES;
				CLANG_WARN_ENUM_CONVERSION = YES;
				CLANG_WARN_INT_CONVERSION = YES;
				CLANG_WARN_OBJC_ROOT_CLASS = YES;
				CLANG_WARN_UNREACHABLE_CODE = YES;
				CLANG_WARN__DUPLICATE_METHOD_MATCH = YES;
				CODE_SIGNING_REQUIRED = NO;
				COPY_PHASE_STRIP = YES;
				ENABLE_NS_ASSERTIONS = NO;
				GCC_C_LANGUAGE_STANDARD = gnu99;
				GCC_PREPROCESSOR_DEFINITIONS = (
					"POD_CONFIGURATION_RELEASE=1",
					"$(inherited)",
				);
				GCC_WARN_64_TO_32_BIT_CONVERSION = YES;
				GCC_WARN_ABOUT_RETURN_TYPE = YES;
				GCC_WARN_UNDECLARED_SELECTOR = YES;
				GCC_WARN_UNINITIALIZED_AUTOS = YES;
				GCC_WARN_UNUSED_FUNCTION = YES;
				GCC_WARN_UNUSED_VARIABLE = YES;
				IPHONEOS_DEPLOYMENT_TARGET = 10.0;
				PROVISIONING_PROFILE_SPECIFIER = NO_SIGNING/;
				STRIP_INSTALLED_PRODUCT = NO;
				SYMROOT = "${SRCROOT}/../build";
				VALIDATE_PRODUCT = YES;
			};
			name = Release;
		};
		F9D338582372551CF8A82790B4CB1FD9 /* Debug */ = {
			isa = XCBuildConfiguration;
			baseConfigurationReference = 9BA2B433621F154B464BABC36B66074E /* Pods-Storm.debug.xcconfig */;
			buildSettings = {
				"CODE_SIGN_IDENTITY[sdk=appletvos*]" = "";
				"CODE_SIGN_IDENTITY[sdk=iphoneos*]" = "";
				"CODE_SIGN_IDENTITY[sdk=watchos*]" = "";
				DEBUG_INFORMATION_FORMAT = dwarf;
				ENABLE_STRICT_OBJC_MSGSEND = YES;
				GCC_NO_COMMON_BLOCKS = YES;
				IPHONEOS_DEPLOYMENT_TARGET = 10.0;
				MACH_O_TYPE = staticlib;
				MTL_ENABLE_DEBUG_INFO = YES;
				OTHER_LDFLAGS = "";
				OTHER_LIBTOOLFLAGS = "";
				PODS_ROOT = "$(SRCROOT)";
				PRODUCT_BUNDLE_IDENTIFIER = "org.cocoapods.${PRODUCT_NAME:rfc1034identifier}";
				PRODUCT_NAME = "$(TARGET_NAME)";
				SDKROOT = iphoneos;
				SKIP_INSTALL = YES;
			};
			name = Debug;
		};
/* End XCBuildConfiguration section */

/* Begin XCConfigurationList section */
		2D8E8EC45A3A1A1D94AE762CB5028504 /* Build configuration list for PBXProject "Pods" */ = {
			isa = XCConfigurationList;
			buildConfigurations = (
				12914D756594D15C6F2CA12FE5F89F1B /* Debug */,
				E72E7977875C2D251FC62736BBDDC389 /* Release */,
			);
			defaultConfigurationIsVisible = 0;
			defaultConfigurationName = Release;
		};
		5DC199ACB968053B0D7696EB44CE5F2B /* Build configuration list for PBXNativeTarget "Pods-StormTests" */ = {
			isa = XCConfigurationList;
			buildConfigurations = (
				AEC5FFD3E05A80CA658F2D2159949215 /* Debug */,
				935DFFCC9390C39CAA26118F19CD1C86 /* Release */,
			);
			defaultConfigurationIsVisible = 0;
			defaultConfigurationName = Release;
		};
		A585DDA76DC0A7CDDD30D70118CBC791 /* Build configuration list for PBXNativeTarget "Pods-StormUITests" */ = {
			isa = XCConfigurationList;
			buildConfigurations = (
				8EB8EA410A53BA33DAF37F7425EE7F02 /* Debug */,
				76C05DA749C80FE77C6F958B1C22E926 /* Release */,
			);
			defaultConfigurationIsVisible = 0;
			defaultConfigurationName = Release;
		};
		CC4B3A135B8175383130B6BC99B15374 /* Build configuration list for PBXNativeTarget "Pods-Storm" */ = {
			isa = XCConfigurationList;
			buildConfigurations = (
				F9D338582372551CF8A82790B4CB1FD9 /* Debug */,
				DD19271FBACF1BE8066D2509C35FA4D7 /* Release */,
			);
			defaultConfigurationIsVisible = 0;
			defaultConfigurationName = Release;
		};
/* End XCConfigurationList section */
	};
	rootObject = D41D8CD98F00B204E9800998ECF8427E /* Project object */;
}
